
Microsoft Visual Studio Solution File, Format Version 12.00
# Visual Studio Version 16
VisualStudioVersion = 16.0.29230.47
MinimumVisualStudioVersion = 10.0.40219.1
Project("{FAE04EC0-301F-11D3-BF4B-00C04F79EFBC}") = "GitHubDotNetProject", "GitHubDotNetProject.csproj", "{5766957A-C112-4DD7-9993-5AB49415A5C9}"
EndProject
Global
	GlobalSection(SolutionConfigurationPlatforms) = preSolution
		Debug|Any CPU = Debug|Any CPU
		Release|Any CPU = Release|Any CPU
	EndGlobalSection
	GlobalSection(ProjectConfigurationPlatforms) = postSolution
		{5766957A-C112-4DD7-9993-5AB49415A5C9}.Debug|Any CPU.ActiveCfg = Debug|Any CPU
		{5766957A-C112-4DD7-9993-5AB49415A5C9}.Debug|Any CPU.Build.0 = Debug|Any CPU
		{5766957A-C112-4DD7-9993-5AB49415A5C9}.Release|Any CPU.ActiveCfg = Release|Any CPU
		{5766957A-C112-4DD7-9993-5AB49415A5C9}.Release|Any CPU.Build.0 = Release|Any CPU
	EndGlobalSection
	GlobalSection(SolutionProperties) = preSolution
		HideSolutionNode = FALSE
	EndGlobalSection
	GlobalSection(ExtensibilityGlobals) = postSolution
		SolutionGuid = {088090C2-D607-47EB-A12A-68B246AF0CEC}
	EndGlobalSection
EndGlobal
